
Microsoft Visual Studio Solution File, Format Version 12.00
# Visual Studio Version 16
VisualStudioVersion = 16.0.29519.181
MinimumVisualStudioVersion = 10.0.40219.1
Project("{9A19103F-16F7-4668-BE54-9A1E7A4F7556}") = "Timkoto.UsersApi", "Timkoto.UsersApi\Timkoto.UsersApi.csproj", "{C90933E6-0E8F-4D7E-A062-8E2FCEFFDB91}"
EndProject
Project("{9A19103F-16F7-4668-BE54-9A1E7A4F7556}") = "Timkoto.Data", "Timkoto.Data\Timkoto.Data.csproj", "{5280FFA1-ECEA-4665-8CBA-79072BA2AA00}"
EndProject
Project("{9A19103F-16F7-4668-BE54-9A1E7A4F7556}") = "Timkoto.WebSocket", "Timkoto.WebSocket\Timkoto.WebSocket.csproj", "{DA756FD9-04AB-495A-817C-20573E899C9C}"
EndProject
Global
	GlobalSection(SolutionConfigurationPlatforms) = preSolution
		Debug|Any CPU = Debug|Any CPU
		Release|Any CPU = Release|Any CPU
	EndGlobalSection
	GlobalSection(ProjectConfigurationPlatforms) = postSolution
		{C90933E6-0E8F-4D7E-A062-8E2FCEFFDB91}.Debug|Any CPU.ActiveCfg = Debug|Any CPU
		{C90933E6-0E8F-4D7E-A062-8E2FCEFFDB91}.Debug|Any CPU.Build.0 = Debug|Any CPU
		{C90933E6-0E8F-4D7E-A062-8E2FCEFFDB91}.Release|Any CPU.ActiveCfg = Release|Any CPU
		{C90933E6-0E8F-4D7E-A062-8E2FCEFFDB91}.Release|Any CPU.Build.0 = Release|Any CPU
		{5280FFA1-ECEA-4665-8CBA-79072BA2AA00}.Debug|Any CPU.ActiveCfg = Debug|Any CPU
		{5280FFA1-ECEA-4665-8CBA-79072BA2AA00}.Debug|Any CPU.Build.0 = Debug|Any CPU
		{5280FFA1-ECEA-4665-8CBA-79072BA2AA00}.Release|Any CPU.ActiveCfg = Release|Any CPU
		{5280FFA1-ECEA-4665-8CBA-79072BA2AA00}.Release|Any CPU.Build.0 = Release|Any CPU
		{DA756FD9-04AB-495A-817C-20573E899C9C}.Debug|Any CPU.ActiveCfg = Debug|Any CPU
		{DA756FD9-04AB-495A-817C-20573E899C9C}.Debug|Any CPU.Build.0 = Debug|Any CPU
		{DA756FD9-04AB-495A-817C-20573E899C9C}.Release|Any CPU.ActiveCfg = Release|Any CPU
		{DA756FD9-04AB-495A-817C-20573E899C9C}.Release|Any CPU.Build.0 = Release|Any CPU
	EndGlobalSection
	GlobalSection(SolutionProperties) = preSolution
		HideSolutionNode = FALSE
	EndGlobalSection
	GlobalSection(ExtensibilityGlobals) = postSolution
		SolutionGuid = {F3C632BD-2E5E-473A-957B-8895C8F5D07B}
	EndGlobalSection
EndGlobal
